
Microsoft Visual Studio Solution File, Format Version 12.00
# Visual Studio Version 16
VisualStudioVersion = 16.0.30114.105
MinimumVisualStudioVersion = 10.0.40219.1
Project("{FAE04EC0-301F-11D3-BF4B-00C04F79EFBC}") = "Domain", "Domain\Domain.csproj", "{30A57606-4F4E-4443-A56B-C9ACAF258FAF}"
EndProject
Project("{FAE04EC0-301F-11D3-BF4B-00C04F79EFBC}") = "Application", "Application\Application.csproj", "{7F3A7661-E568-4FE4-B3BD-F26E461EEA71}"
EndProject
Project("{FAE04EC0-301F-11D3-BF4B-00C04F79EFBC}") = "Persistence", "Persistence\Persistence.csproj", "{3880DE3A-F008-4221-8B5E-A7806AA5A971}"
EndProject
Project("{FAE04EC0-301F-11D3-BF4B-00C04F79EFBC}") = "API", "API\API.csproj", "{BFD866D5-2901-4B5C-9BDC-97EBBC15082F}"
EndProject
Global
	GlobalSection(SolutionConfigurationPlatforms) = preSolution
		Debug|Any CPU = Debug|Any CPU
		Release|Any CPU = Release|Any CPU
	EndGlobalSection
	GlobalSection(SolutionProperties) = preSolution
		HideSolutionNode = FALSE
	EndGlobalSection
	GlobalSection(ProjectConfigurationPlatforms) = postSolution
		{30A57606-4F4E-4443-A56B-C9ACAF258FAF}.Debug|Any CPU.ActiveCfg = Debug|Any CPU
		{30A57606-4F4E-4443-A56B-C9ACAF258FAF}.Debug|Any CPU.Build.0 = Debug|Any CPU
		{30A57606-4F4E-4443-A56B-C9ACAF258FAF}.Release|Any CPU.ActiveCfg = Release|Any CPU
		{30A57606-4F4E-4443-A56B-C9ACAF258FAF}.Release|Any CPU.Build.0 = Release|Any CPU
		{7F3A7661-E568-4FE4-B3BD-F26E461EEA71}.Debug|Any CPU.ActiveCfg = Debug|Any CPU
		{7F3A7661-E568-4FE4-B3BD-F26E461EEA71}.Debug|Any CPU.Build.0 = Debug|Any CPU
		{7F3A7661-E568-4FE4-B3BD-F26E461EEA71}.Release|Any CPU.ActiveCfg = Release|Any CPU
		{7F3A7661-E568-4FE4-B3BD-F26E461EEA71}.Release|Any CPU.Build.0 = Release|Any CPU
		{3880DE3A-F008-4221-8B5E-A7806AA5A971}.Debug|Any CPU.ActiveCfg = Debug|Any CPU
		{3880DE3A-F008-4221-8B5E-A7806AA5A971}.Debug|Any CPU.Build.0 = Debug|Any CPU
		{3880DE3A-F008-4221-8B5E-A7806AA5A971}.Release|Any CPU.ActiveCfg = Release|Any CPU
		{3880DE3A-F008-4221-8B5E-A7806AA5A971}.Release|Any CPU.Build.0 = Release|Any CPU
		{BFD866D5-2901-4B5C-9BDC-97EBBC15082F}.Debug|Any CPU.ActiveCfg = Debug|Any CPU
		{BFD866D5-2901-4B5C-9BDC-97EBBC15082F}.Debug|Any CPU.Build.0 = Debug|Any CPU
		{BFD866D5-2901-4B5C-9BDC-97EBBC15082F}.Release|Any CPU.ActiveCfg = Release|Any CPU
		{BFD866D5-2901-4B5C-9BDC-97EBBC15082F}.Release|Any CPU.Build.0 = Release|Any CPU
	EndGlobalSection
EndGlobal
